// !$*UTF8*$!
{
	archiveVersion = 1;
	classes = {
	};
	objectVersion = 46;
	objects = {

/* Begin PBXBuildFile section */
		19DD7F6A1AE9CBB20088EA94 /* AppDelegate.swift in Sources */ = {isa = PBXBuildFile; fileRef = 19DD7F691AE9CBB20088EA94 /* AppDelegate.swift */; };
		19DD7F6C1AE9CBB20088EA94 /* ViewController.swift in Sources */ = {isa = PBXBuildFile; fileRef = 19DD7F6B1AE9CBB20088EA94 /* ViewController.swift */; };
		19DD7F6F1AE9CBB20088EA94 /* Main.storyboard in Resources */ = {isa = PBXBuildFile; fileRef = 19DD7F6D1AE9CBB20088EA94 /* Main.storyboard */; };
		19DD7F711AE9CBB20088EA94 /* Images.xcassets in Resources */ = {isa = PBXBuildFile; fileRef = 19DD7F701AE9CBB20088EA94 /* Images.xcassets */; };
		19DD7F741AE9CBB20088EA94 /* LaunchScreen.xib in Resources */ = {isa = PBXBuildFile; fileRef = 19DD7F721AE9CBB20088EA94 /* LaunchScreen.xib */; };
		19DD7F801AE9CBB20088EA94 /* On_The_MapTests.swift in Sources */ = {isa = PBXBuildFile; fileRef = 19DD7F7F1AE9CBB20088EA94 /* On_The_MapTests.swift */; };
		19DD7F8D1AE9CCE50088EA94 /* OTMClient.swift in Sources */ = {isa = PBXBuildFile; fileRef = 19DD7F8C1AE9CCE50088EA94 /* OTMClient.swift */; };
		19DD7F8F1AE9D5B70088EA94 /* OTMConstants.swift in Sources */ = {isa = PBXBuildFile; fileRef = 19DD7F8E1AE9D5B70088EA94 /* OTMConstants.swift */; };
		19DD7F911AE9D9F90088EA94 /* OTMConvenience.swift in Sources */ = {isa = PBXBuildFile; fileRef = 19DD7F901AE9D9F90088EA94 /* OTMConvenience.swift */; };
		19DD7F931AE9DA370088EA94 /* OTMStudent.swift in Sources */ = {isa = PBXBuildFile; fileRef = 19DD7F921AE9DA370088EA94 /* OTMStudent.swift */; };
/* End PBXBuildFile section */

/* Begin PBXContainerItemProxy section */
		19DD7F7A1AE9CBB20088EA94 /* PBXContainerItemProxy */ = {
			isa = PBXContainerItemProxy;
			containerPortal = 19DD7F5C1AE9CBB20088EA94 /* Project object */;
			proxyType = 1;
			remoteGlobalIDString = 19DD7F631AE9CBB20088EA94;
			remoteInfo = "On The Map";
		};
/* End PBXContainerItemProxy section */

/* Begin PBXFileReference section */
		19DD7F641AE9CBB20088EA94 /* On The Map.app */ = {isa = PBXFileReference; explicitFileType = wrapper.application; includeInIndex = 0; path = "On The Map.app"; sourceTree = BUILT_PRODUCTS_DIR; };
		19DD7F681AE9CBB20088EA94 /* Info.plist */ = {isa = PBXFileReference; lastKnownFileType = text.plist.xml; path = Info.plist; sourceTree = "<group>"; };
		19DD7F691AE9CBB20088EA94 /* AppDelegate.swift */ = {isa = PBXFileReference; lastKnownFileType = sourcecode.swift; path = AppDelegate.swift; sourceTree = "<group>"; };
		19DD7F6B1AE9CBB20088EA94 /* ViewController.swift */ = {isa = PBXFileReference; lastKnownFileType = sourcecode.swift; path = ViewController.swift; sourceTree = "<group>"; };
		19DD7F6E1AE9CBB20088EA94 /* Base */ = {isa = PBXFileReference; lastKnownFileType = file.storyboard; name = Base; path = Base.lproj/Main.storyboard; sourceTree = "<group>"; };
		19DD7F701AE9CBB20088EA94 /* Images.xcassets */ = {isa = PBXFileReference; lastKnownFileType = folder.assetcatalog; path = Images.xcassets; sourceTree = "<group>"; };
		19DD7F731AE9CBB20088EA94 /* Base */ = {isa = PBXFileReference; lastKnownFileType = file.xib; name = Base; path = Base.lproj/LaunchScreen.xib; sourceTree = "<group>"; };
		19DD7F791AE9CBB20088EA94 /* On The MapTests.xctest */ = {isa = PBXFileReference; explicitFileType = wrapper.cfbundle; includeInIndex = 0; path = "On The MapTests.xctest"; sourceTree = BUILT_PRODUCTS_DIR; };
		19DD7F7E1AE9CBB20088EA94 /* Info.plist */ = {isa = PBXFileReference; lastKnownFileType = text.plist.xml; path = Info.plist; sourceTree = "<group>"; };
		19DD7F7F1AE9CBB20088EA94 /* On_The_MapTests.swift */ = {isa = PBXFileReference; lastKnownFileType = sourcecode.swift; path = On_The_MapTests.swift; sourceTree = "<group>"; };
		19DD7F8C1AE9CCE50088EA94 /* OTMClient.swift */ = {isa = PBXFileReference; fileEncoding = 4; lastKnownFileType = sourcecode.swift; path = OTMClient.swift; sourceTree = "<group>"; };
		19DD7F8E1AE9D5B70088EA94 /* OTMConstants.swift */ = {isa = PBXFileReference; fileEncoding = 4; lastKnownFileType = sourcecode.swift; path = OTMConstants.swift; sourceTree = "<group>"; };
		19DD7F901AE9D9F90088EA94 /* OTMConvenience.swift */ = {isa = PBXFileReference; fileEncoding = 4; lastKnownFileType = sourcecode.swift; path = OTMConvenience.swift; sourceTree = "<group>"; };
		19DD7F921AE9DA370088EA94 /* OTMStudent.swift */ = {isa = PBXFileReference; fileEncoding = 4; lastKnownFileType = sourcecode.swift; path = OTMStudent.swift; sourceTree = "<group>"; };
/* End PBXFileReference section */

/* Begin PBXFrameworksBuildPhase section */
		19DD7F611AE9CBB20088EA94 /* Frameworks */ = {
			isa = PBXFrameworksBuildPhase;
			buildActionMask = 2147483647;
			files = (
			);
			runOnlyForDeploymentPostprocessing = 0;
		};
		19DD7F761AE9CBB20088EA94 /* Frameworks */ = {
			isa = PBXFrameworksBuildPhase;
			buildActionMask = 2147483647;
			files = (
			);
			runOnlyForDeploymentPostprocessing = 0;
		};
/* End PBXFrameworksBuildPhase section */

/* Begin PBXGroup section */
		19DD7F5B1AE9CBB20088EA94 = {
			isa = PBXGroup;
			children = (
				19DD7F661AE9CBB20088EA94 /* On The Map */,
				19DD7F7C1AE9CBB20088EA94 /* On The MapTests */,
				19DD7F651AE9CBB20088EA94 /* Products */,
			);
			sourceTree = "<group>";
		};
		19DD7F651AE9CBB20088EA94 /* Products */ = {
			isa = PBXGroup;
			children = (
				19DD7F641AE9CBB20088EA94 /* On The Map.app */,
				19DD7F791AE9CBB20088EA94 /* On The MapTests.xctest */,
			);
			name = Products;
			sourceTree = "<group>";
		};
		19DD7F661AE9CBB20088EA94 /* On The Map */ = {
			isa = PBXGroup;
			children = (
				19DD7F8A1AE9CC210088EA94 /* Clients */,
				19DD7F891AE9CBBD0088EA94 /* Controllers */,
				19DD7F691AE9CBB20088EA94 /* AppDelegate.swift */,
				19DD7F671AE9CBB20088EA94 /* Supporting Files */,
			);
			path = "On The Map";
			sourceTree = "<group>";
		};
		19DD7F671AE9CBB20088EA94 /* Supporting Files */ = {
			isa = PBXGroup;
			children = (
				19DD7F6D1AE9CBB20088EA94 /* Main.storyboard */,
				19DD7F701AE9CBB20088EA94 /* Images.xcassets */,
				19DD7F721AE9CBB20088EA94 /* LaunchScreen.xib */,
				19DD7F681AE9CBB20088EA94 /* Info.plist */,
			);
			name = "Supporting Files";
			sourceTree = "<group>";
		};
		19DD7F7C1AE9CBB20088EA94 /* On The MapTests */ = {
			isa = PBXGroup;
			children = (
				19DD7F7F1AE9CBB20088EA94 /* On_The_MapTests.swift */,
				19DD7F7D1AE9CBB20088EA94 /* Supporting Files */,
			);
			path = "On The MapTests";
			sourceTree = "<group>";
		};
		19DD7F7D1AE9CBB20088EA94 /* Supporting Files */ = {
			isa = PBXGroup;
			children = (
				19DD7F7E1AE9CBB20088EA94 /* Info.plist */,
			);
			name = "Supporting Files";
			sourceTree = "<group>";
		};
		19DD7F891AE9CBBD0088EA94 /* Controllers */ = {
			isa = PBXGroup;
			children = (
				19DD7F6B1AE9CBB20088EA94 /* ViewController.swift */,
			);
			name = Controllers;
			sourceTree = "<group>";
		};
		19DD7F8A1AE9CC210088EA94 /* Clients */ = {
			isa = PBXGroup;
			children = (
				19DD7F8B1AE9CCAD0088EA94 /* OTM */,
			);
			name = Clients;
			sourceTree = "<group>";
		};
		19DD7F8B1AE9CCAD0088EA94 /* OTM */ = {
			isa = PBXGroup;
			children = (
				19DD7F8C1AE9CCE50088EA94 /* OTMClient.swift */,
				19DD7F8E1AE9D5B70088EA94 /* OTMConstants.swift */,
				19DD7F901AE9D9F90088EA94 /* OTMConvenience.swift */,
				19DD7F921AE9DA370088EA94 /* OTMStudent.swift */,
			);
			name = OTM;
			sourceTree = "<group>";
		};
/* End PBXGroup section */

/* Begin PBXNativeTarget section */
		19DD7F631AE9CBB20088EA94 /* On The Map */ = {
			isa = PBXNativeTarget;
			buildConfigurationList = 19DD7F831AE9CBB20088EA94 /* Build configuration list for PBXNativeTarget "On The Map" */;
			buildPhases = (
				19DD7F601AE9CBB20088EA94 /* Sources */,
				19DD7F611AE9CBB20088EA94 /* Frameworks */,
				19DD7F621AE9CBB20088EA94 /* Resources */,
			);
			buildRules = (
			);
			dependencies = (
			);
			name = "On The Map";
			productName = "On The Map";
			productReference = 19DD7F641AE9CBB20088EA94 /* On The Map.app */;
			productType = "com.apple.product-type.application";
		};
		19DD7F781AE9CBB20088EA94 /* On The MapTests */ = {
			isa = PBXNativeTarget;
			buildConfigurationList = 19DD7F861AE9CBB20088EA94 /* Build configuration list for PBXNativeTarget "On The MapTests" */;
			buildPhases = (
				19DD7F751AE9CBB20088EA94 /* Sources */,
				19DD7F761AE9CBB20088EA94 /* Frameworks */,
				19DD7F771AE9CBB20088EA94 /* Resources */,
			);
			buildRules = (
			);
			dependencies = (
				19DD7F7B1AE9CBB20088EA94 /* PBXTargetDependency */,
			);
			name = "On The MapTests";
			productName = "On The MapTests";
			productReference = 19DD7F791AE9CBB20088EA94 /* On The MapTests.xctest */;
			productType = "com.apple.product-type.bundle.unit-test";
		};
/* End PBXNativeTarget section */

/* Begin PBXProject section */
		19DD7F5C1AE9CBB20088EA94 /* Project object */ = {
			isa = PBXProject;
			attributes = {
				LastUpgradeCheck = 0630;
				ORGANIZATIONNAME = "Taiowa Waner";
				TargetAttributes = {
					19DD7F631AE9CBB20088EA94 = {
						CreatedOnToolsVersion = 6.3;
					};
					19DD7F781AE9CBB20088EA94 = {
						CreatedOnToolsVersion = 6.3;
						TestTargetID = 19DD7F631AE9CBB20088EA94;
					};
				};
			};
			buildConfigurationList = 19DD7F5F1AE9CBB20088EA94 /* Build configuration list for PBXProject "On The Map" */;
			compatibilityVersion = "Xcode 3.2";
			developmentRegion = English;
			hasScannedForEncodings = 0;
			knownRegions = (
				en,
				Base,
			);
			mainGroup = 19DD7F5B1AE9CBB20088EA94;
			productRefGroup = 19DD7F651AE9CBB20088EA94 /* Products */;
			projectDirPath = "";
			projectRoot = "";
			targets = (
				19DD7F631AE9CBB20088EA94 /* On The Map */,
				19DD7F781AE9CBB20088EA94 /* On The MapTests */,
			);
		};
/* End PBXProject section */

/* Begin PBXResourcesBuildPhase section */
		19DD7F621AE9CBB20088EA94 /* Resources */ = {
			isa = PBXResourcesBuildPhase;
			buildActionMask = 2147483647;
			files = (
				19DD7F6F1AE9CBB20088EA94 /* Main.storyboard in Resources */,
				19DD7F741AE9CBB20088EA94 /* LaunchScreen.xib in Resources */,
				19DD7F711AE9CBB20088EA94 /* Images.xcassets in Resources */,
			);
			runOnlyForDeploymentPostprocessing = 0;
		};
		19DD7F771AE9CBB20088EA94 /* Resources */ = {
			isa = PBXResourcesBuildPhase;
			buildActionMask = 2147483647;
			files = (
			);
			runOnlyForDeploymentPostprocessing = 0;
		};
/* End PBXResourcesBuildPhase section */

/* Begin PBXSourcesBuildPhase section */
		19DD7F601AE9CBB20088EA94 /* Sources */ = {
			isa = PBXSourcesBuildPhase;
			buildActionMask = 2147483647;
			files = (
				19DD7F931AE9DA370088EA94 /* OTMStudent.swift in Sources */,
				19DD7F911AE9D9F90088EA94 /* OTMConvenience.swift in Sources */,
				19DD7F8D1AE9CCE50088EA94 /* OTMClient.swift in Sources */,
				19DD7F6C1AE9CBB20088EA94 /* ViewController.swift in Sources */,
				19DD7F8F1AE9D5B70088EA94 /* OTMConstants.swift in Sources */,
				19DD7F6A1AE9CBB20088EA94 /* AppDelegate.swift in Sources */,
			);
			runOnlyForDeploymentPostprocessing = 0;
		};
		19DD7F751AE9CBB20088EA94 /* Sources */ = {
			isa = PBXSourcesBuildPhase;
			buildActionMask = 2147483647;
			files = (
				19DD7F801AE9CBB20088EA94 /* On_The_MapTests.swift in Sources */,
			);
			runOnlyForDeploymentPostprocessing = 0;
		};
/* End PBXSourcesBuildPhase section */

/* Begin PBXTargetDependency section */
		19DD7F7B1AE9CBB20088EA94 /* PBXTargetDependency */ = {
			isa = PBXTargetDependency;
			target = 19DD7F631AE9CBB20088EA94 /* On The Map */;
			targetProxy = 19DD7F7A1AE9CBB20088EA94 /* PBXContainerItemProxy */;
		};
/* End PBXTargetDependency section */

/* Begin PBXVariantGroup section */
		19DD7F6D1AE9CBB20088EA94 /* Main.storyboard */ = {
			isa = PBXVariantGroup;
			children = (
				19DD7F6E1AE9CBB20088EA94 /* Base */,
			);
			name = Main.storyboard;
			sourceTree = "<group>";
		};
		19DD7F721AE9CBB20088EA94 /* LaunchScreen.xib */ = {
			isa = PBXVariantGroup;
			children = (
				19DD7F731AE9CBB20088EA94 /* Base */,
			);
			name = LaunchScreen.xib;
			sourceTree = "<group>";
		};
/* End PBXVariantGroup section */

/* Begin XCBuildConfiguration section */
		19DD7F811AE9CBB20088EA94 /* Debug */ = {
			isa = XCBuildConfiguration;
			buildSettings = {
				ALWAYS_SEARCH_USER_PATHS = NO;
				CLANG_CXX_LANGUAGE_STANDARD = "gnu++0x";
				CLANG_CXX_LIBRARY = "libc++";
				CLANG_ENABLE_MODULES = YES;
				CLANG_ENABLE_OBJC_ARC = YES;
				CLANG_WARN_BOOL_CONVERSION = YES;
				CLANG_WARN_CONSTANT_CONVERSION = YES;
				CLANG_WARN_DIRECT_OBJC_ISA_USAGE = YES_ERROR;
				CLANG_WARN_EMPTY_BODY = YES;
				CLANG_WARN_ENUM_CONVERSION = YES;
				CLANG_WARN_INT_CONVERSION = YES;
				CLANG_WARN_OBJC_ROOT_CLASS = YES_ERROR;
				CLANG_WARN_UNREACHABLE_CODE = YES;
				CLANG_WARN__DUPLICATE_METHOD_MATCH = YES;
				"CODE_SIGN_IDENTITY[sdk=iphoneos*]" = "iPhone Developer";
				COPY_PHASE_STRIP = NO;
				DEBUG_INFORMATION_FORMAT = "dwarf-with-dsym";
				ENABLE_STRICT_OBJC_MSGSEND = YES;
				GCC_C_LANGUAGE_STANDARD = gnu99;
				GCC_DYNAMIC_NO_PIC = NO;
				GCC_NO_COMMON_BLOCKS = YES;
				GCC_OPTIMIZATION_LEVEL = 0;
				GCC_PREPROCESSOR_DEFINITIONS = (
					"DEBUG=1",
					"$(inherited)",
				);
				GCC_SYMBOLS_PRIVATE_EXTERN = NO;
				GCC_WARN_64_TO_32_BIT_CONVERSION = YES;
				GCC_WARN_ABOUT_RETURN_TYPE = YES_ERROR;
				GCC_WARN_UNDECLARED_SELECTOR = YES;
				GCC_WARN_UNINITIALIZED_AUTOS = YES_AGGRESSIVE;
				GCC_WARN_UNUSED_FUNCTION = YES;
				GCC_WARN_UNUSED_VARIABLE = YES;
				IPHONEOS_DEPLOYMENT_TARGET = 8.3;
				MTL_ENABLE_DEBUG_INFO = YES;
				ONLY_ACTIVE_ARCH = YES;
				SDKROOT = iphoneos;
				SWIFT_OPTIMIZATION_LEVEL = "-Onone";
			};
			name = Debug;
		};
		19DD7F821AE9CBB20088EA94 /* Release */ = {
			isa = XCBuildConfiguration;
			buildSettings = {
				ALWAYS_SEARCH_USER_PATHS = NO;
				CLANG_CXX_LANGUAGE_STANDARD = "gnu++0x";
				CLANG_CXX_LIBRARY = "libc++";
				CLANG_ENABLE_MODULES = YES;
				CLANG_ENABLE_OBJC_ARC = YES;
				CLANG_WARN_BOOL_CONVERSION = YES;
				CLANG_WARN_CONSTANT_CONVERSION = YES;
				CLANG_WARN_DIRECT_OBJC_ISA_USAGE = YES_ERROR;
				CLANG_WARN_EMPTY_BODY = YES;
				CLANG_WARN_ENUM_CONVERSION = YES;
				CLANG_WARN_INT_CONVERSION = YES;
				CLANG_WARN_OBJC_ROOT_CLASS = YES_ERROR;
				CLANG_WARN_UNREACHABLE_CODE = YES;
				CLANG_WARN__DUPLICATE_METHOD_MATCH = YES;
				"CODE_SIGN_IDENTITY[sdk=iphoneos*]" = "iPhone Developer";
				COPY_PHASE_STRIP = NO;
				DEBUG_INFORMATION_FORMAT = "dwarf-with-dsym";
				ENABLE_NS_ASSERTIONS = NO;
				ENABLE_STRICT_OBJC_MSGSEND = YES;
				GCC_C_LANGUAGE_STANDARD = gnu99;
				GCC_NO_COMMON_BLOCKS = YES;
				GCC_WARN_64_TO_32_BIT_CONVERSION = YES;
				GCC_WARN_ABOUT_RETURN_TYPE = YES_ERROR;
				GCC_WARN_UNDECLARED_SELECTOR = YES;
				GCC_WARN_UNINITIALIZED_AUTOS = YES_AGGRESSIVE;
				GCC_WARN_UNUSED_FUNCTION = YES;
				GCC_WARN_UNUSED_VARIABLE = YES;
				IPHONEOS_DEPLOYMENT_TARGET = 8.3;
				MTL_ENABLE_DEBUG_INFO = NO;
				SDKROOT = iphoneos;
				VALIDATE_PRODUCT = YES;
			};
			name = Release;
		};
		19DD7F841AE9CBB20088EA94 /* Debug */ = {
			isa = XCBuildConfiguration;
			buildSettings = {
				ASSETCATALOG_COMPILER_APPICON_NAME = AppIcon;
				INFOPLIST_FILE = "On The Map/Info.plist";
				LD_RUNPATH_SEARCH_PATHS = "$(inherited) @executable_path/Frameworks";
				PRODUCT_NAME = "$(TARGET_NAME)";
			};
			name = Debug;
		};
		19DD7F851AE9CBB20088EA94 /* Release */ = {
			isa = XCBuildConfiguration;
			buildSettings = {
				ASSETCATALOG_COMPILER_APPICON_NAME = AppIcon;
				INFOPLIST_FILE = "On The Map/Info.plist";
				LD_RUNPATH_SEARCH_PATHS = "$(inherited) @executable_path/Frameworks";
				PRODUCT_NAME = "$(TARGET_NAME)";
			};
			name = Release;
		};
		19DD7F871AE9CBB20088EA94 /* Debug */ = {
			isa = XCBuildConfiguration;
			buildSettings = {
				BUNDLE_LOADER = "$(TEST_HOST)";
				FRAMEWORK_SEARCH_PATHS = (
					"$(SDKROOT)/Developer/Library/Frameworks",
					"$(inherited)",
				);
				GCC_PREPROCESSOR_DEFINITIONS = (
					"DEBUG=1",
					"$(inherited)",
				);
				INFOPLIST_FILE = "On The MapTests/Info.plist";
				LD_RUNPATH_SEARCH_PATHS = "$(inherited) @executable_path/Frameworks @loader_path/Frameworks";
				PRODUCT_NAME = "$(TARGET_NAME)";
				TEST_HOST = "$(BUILT_PRODUCTS_DIR)/On The Map.app/On The Map";
			};
			name = Debug;
		};
		19DD7F881AE9CBB20088EA94 /* Release */ = {
			isa = XCBuildConfiguration;
			buildSettings = {
				BUNDLE_LOADER = "$(TEST_HOST)";
				FRAMEWORK_SEARCH_PATHS = (
					"$(SDKROOT)/Developer/Library/Frameworks",
					"$(inherited)",
				);
				INFOPLIST_FILE = "On The MapTests/Info.plist";
				LD_RUNPATH_SEARCH_PATHS = "$(inherited) @executable_path/Frameworks @loader_path/Frameworks";
				PRODUCT_NAME = "$(TARGET_NAME)";
				TEST_HOST = "$(BUILT_PRODUCTS_DIR)/On The Map.app/On The Map";
			};
			name = Release;
		};
/* End XCBuildConfiguration section */

/* Begin XCConfigurationList section */
		19DD7F5F1AE9CBB20088EA94 /* Build configuration list for PBXProject "On The Map" */ = {
			isa = XCConfigurationList;
			buildConfigurations = (
				19DD7F811AE9CBB20088EA94 /* Debug */,
				19DD7F821AE9CBB20088EA94 /* Release */,
			);
			defaultConfigurationIsVisible = 0;
			defaultConfigurationName = Release;
		};
		19DD7F831AE9CBB20088EA94 /* Build configuration list for PBXNativeTarget "On The Map" */ = {
			isa = XCConfigurationList;
			buildConfigurations = (
				19DD7F841AE9CBB20088EA94 /* Debug */,
				19DD7F851AE9CBB20088EA94 /* Release */,
			);
			defaultConfigurationIsVisible = 0;
		};
		19DD7F861AE9CBB20088EA94 /* Build configuration list for PBXNativeTarget "On The MapTests" */ = {
			isa = XCConfigurationList;
			buildConfigurations = (
				19DD7F871AE9CBB20088EA94 /* Debug */,
				19DD7F881AE9CBB20088EA94 /* Release */,
			);
			defaultConfigurationIsVisible = 0;
		};
/* End XCConfigurationList section */
	};
	rootObject = 19DD7F5C1AE9CBB20088EA94 /* Project object */;
}
